
Microsoft Visual Studio Solution File, Format Version 12.00
# Visual Studio Version 16
VisualStudioVersion = 16.0.32413.511
MinimumVisualStudioVersion = 10.0.40219.1
Project("{9A19103F-16F7-4668-BE54-9A1E7A4F7556}") = "PracticeWPF", "PracticeWPF\PracticeWPF.csproj", "{7D321483-4B27-4734-A95F-7190E78CC9C2}"
EndProject
Project("{9A19103F-16F7-4668-BE54-9A1E7A4F7556}") = "PracticeMVVM", "PracticeMVVM\PracticeMVVM.csproj", "{77A244D4-7D2F-4A8B-A361-068F857AF4EF}"
EndProject
Project("{9A19103F-16F7-4668-BE54-9A1E7A4F7556}") = "My_First_WPF_App", "My_First_WPF_App\My_First_WPF_App.csproj", "{C164B945-0752-4705-97D5-7B455AA172F5}"
EndProject
Project("{9A19103F-16F7-4668-BE54-9A1E7A4F7556}") = "ModBus", "ModBus\ModBus.csproj", "{D353EF6B-A4E3-49D6-B5E8-72DA904C0989}"
EndProject
Project("{FAE04EC0-301F-11D3-BF4B-00C04F79EFBC}") = "ModBusGUI", "ModBusGUI\ModBusGUI.csproj", "{B1EFDB81-22E0-4514-8817-3B5D6DBA7DEC}"
EndProject
Project("{FAE04EC0-301F-11D3-BF4B-00C04F79EFBC}") = "WPFLocalization", "WPFLocalization\WPFLocalization.csproj", "{2947591B-F368-4A08-B02C-1AA3CB31AA23}"
EndProject
Project("{FAE04EC0-301F-11D3-BF4B-00C04F79EFBC}") = "WPF2DGraphics", "WPF2DGraphics\WPF2DGraphics.csproj", "{3F8A2AA6-A743-4E29-89D9-CF1B77D0E217}"
EndProject
Project("{FAE04EC0-301F-11D3-BF4B-00C04F79EFBC}") = "WPF3DGraphics", "WPF3DGraphics\WPF3DGraphics.csproj", "{D4A60F08-FBAD-4E29-8AF8-5E64AB80E19E}"
EndProject
Project("{FAE04EC0-301F-11D3-BF4B-00C04F79EFBC}") = "WPFMultimedia", "WPFMultimedia\WPFMultimedia.csproj", "{613CD0A2-0C57-4C27-9C4B-A930D2ADD69D}"
EndProject
Project("{FAE04EC0-301F-11D3-BF4B-00C04F79EFBC}") = "ModBusWPF", "ModBusWPF\ModBusWPF.csproj", "{37E99BE0-70D1-4325-8CEA-7BFB2248F35C}"
EndProject
Project("{FAE04EC0-301F-11D3-BF4B-00C04F79EFBC}") = "PrismMVVMTestProject", "PrismMVVMTestProject\PrismMVVMTestProject.csproj", "{7EABA235-652D-4910-8F74-ECA866B0455A}"
EndProject
Global
	GlobalSection(SolutionConfigurationPlatforms) = preSolution
		Debug|Any CPU = Debug|Any CPU
		Release|Any CPU = Release|Any CPU
	EndGlobalSection
	GlobalSection(ProjectConfigurationPlatforms) = postSolution
		{7D321483-4B27-4734-A95F-7190E78CC9C2}.Debug|Any CPU.ActiveCfg = Debug|Any CPU
		{7D321483-4B27-4734-A95F-7190E78CC9C2}.Debug|Any CPU.Build.0 = Debug|Any CPU
		{7D321483-4B27-4734-A95F-7190E78CC9C2}.Release|Any CPU.ActiveCfg = Release|Any CPU
		{7D321483-4B27-4734-A95F-7190E78CC9C2}.Release|Any CPU.Build.0 = Release|Any CPU
		{77A244D4-7D2F-4A8B-A361-068F857AF4EF}.Debug|Any CPU.ActiveCfg = Debug|Any CPU
		{77A244D4-7D2F-4A8B-A361-068F857AF4EF}.Debug|Any CPU.Build.0 = Debug|Any CPU
		{77A244D4-7D2F-4A8B-A361-068F857AF4EF}.Release|Any CPU.ActiveCfg = Release|Any CPU
		{77A244D4-7D2F-4A8B-A361-068F857AF4EF}.Release|Any CPU.Build.0 = Release|Any CPU
		{C164B945-0752-4705-97D5-7B455AA172F5}.Debug|Any CPU.ActiveCfg = Debug|Any CPU
		{C164B945-0752-4705-97D5-7B455AA172F5}.Debug|Any CPU.Build.0 = Debug|Any CPU
		{C164B945-0752-4705-97D5-7B455AA172F5}.Release|Any CPU.ActiveCfg = Release|Any CPU
		{C164B945-0752-4705-97D5-7B455AA172F5}.Release|Any CPU.Build.0 = Release|Any CPU
		{D353EF6B-A4E3-49D6-B5E8-72DA904C0989}.Debug|Any CPU.ActiveCfg = Debug|Any CPU
		{D353EF6B-A4E3-49D6-B5E8-72DA904C0989}.Debug|Any CPU.Build.0 = Debug|Any CPU
		{D353EF6B-A4E3-49D6-B5E8-72DA904C0989}.Release|Any CPU.ActiveCfg = Release|Any CPU
		{D353EF6B-A4E3-49D6-B5E8-72DA904C0989}.Release|Any CPU.Build.0 = Release|Any CPU
		{B1EFDB81-22E0-4514-8817-3B5D6DBA7DEC}.Debug|Any CPU.ActiveCfg = Debug|Any CPU
		{B1EFDB81-22E0-4514-8817-3B5D6DBA7DEC}.Debug|Any CPU.Build.0 = Debug|Any CPU
		{B1EFDB81-22E0-4514-8817-3B5D6DBA7DEC}.Release|Any CPU.ActiveCfg = Release|Any CPU
		{B1EFDB81-22E0-4514-8817-3B5D6DBA7DEC}.Release|Any CPU.Build.0 = Release|Any CPU
		{2947591B-F368-4A08-B02C-1AA3CB31AA23}.Debug|Any CPU.ActiveCfg = Debug|Any CPU
		{2947591B-F368-4A08-B02C-1AA3CB31AA23}.Debug|Any CPU.Build.0 = Debug|Any CPU
		{2947591B-F368-4A08-B02C-1AA3CB31AA23}.Release|Any CPU.ActiveCfg = Release|Any CPU
		{2947591B-F368-4A08-B02C-1AA3CB31AA23}.Release|Any CPU.Build.0 = Release|Any CPU
		{3F8A2AA6-A743-4E29-89D9-CF1B77D0E217}.Debug|Any CPU.ActiveCfg = Debug|Any CPU
		{3F8A2AA6-A743-4E29-89D9-CF1B77D0E217}.Debug|Any CPU.Build.0 = Debug|Any CPU
		{3F8A2AA6-A743-4E29-89D9-CF1B77D0E217}.Release|Any CPU.ActiveCfg = Release|Any CPU
		{3F8A2AA6-A743-4E29-89D9-CF1B77D0E217}.Release|Any CPU.Build.0 = Release|Any CPU
		{D4A60F08-FBAD-4E29-8AF8-5E64AB80E19E}.Debug|Any CPU.ActiveCfg = Debug|Any CPU
		{D4A60F08-FBAD-4E29-8AF8-5E64AB80E19E}.Debug|Any CPU.Build.0 = Debug|Any CPU
		{D4A60F08-FBAD-4E29-8AF8-5E64AB80E19E}.Release|Any CPU.ActiveCfg = Release|Any CPU
		{D4A60F08-FBAD-4E29-8AF8-5E64AB80E19E}.Release|Any CPU.Build.0 = Release|Any CPU
		{613CD0A2-0C57-4C27-9C4B-A930D2ADD69D}.Debug|Any CPU.ActiveCfg = Debug|Any CPU
		{613CD0A2-0C57-4C27-9C4B-A930D2ADD69D}.Debug|Any CPU.Build.0 = Debug|Any CPU
		{613CD0A2-0C57-4C27-9C4B-A930D2ADD69D}.Release|Any CPU.ActiveCfg = Release|Any CPU
		{613CD0A2-0C57-4C27-9C4B-A930D2ADD69D}.Release|Any CPU.Build.0 = Release|Any CPU
		{37E99BE0-70D1-4325-8CEA-7BFB2248F35C}.Debug|Any CPU.ActiveCfg = Debug|Any CPU
		{37E99BE0-70D1-4325-8CEA-7BFB2248F35C}.Debug|Any CPU.Build.0 = Debug|Any CPU
		{37E99BE0-70D1-4325-8CEA-7BFB2248F35C}.Release|Any CPU.ActiveCfg = Release|Any CPU
		{37E99BE0-70D1-4325-8CEA-7BFB2248F35C}.Release|Any CPU.Build.0 = Release|Any CPU
		{7EABA235-652D-4910-8F74-ECA866B0455A}.Debug|Any CPU.ActiveCfg = Debug|Any CPU
		{7EABA235-652D-4910-8F74-ECA866B0455A}.Debug|Any CPU.Build.0 = Debug|Any CPU
		{7EABA235-652D-4910-8F74-ECA866B0455A}.Release|Any CPU.ActiveCfg = Release|Any CPU
		{7EABA235-652D-4910-8F74-ECA866B0455A}.Release|Any CPU.Build.0 = Release|Any CPU
	EndGlobalSection
	GlobalSection(SolutionProperties) = preSolution
		HideSolutionNode = FALSE
	EndGlobalSection
	GlobalSection(ExtensibilityGlobals) = postSolution
		SolutionGuid = {CC3FEDD6-121B-4E4F-9863-05D2B785F13B}
	EndGlobalSection
EndGlobal
